
Microsoft Visual Studio Solution File, Format Version 12.00
# Visual Studio Version 16
VisualStudioVersion = 16.0.31005.135
MinimumVisualStudioVersion = 10.0.40219.1
Project("{FAE04EC0-301F-11D3-BF4B-00C04F79EFBC}") = "WebUI", "WebUI\WebUI.csproj", "{098CB2EC-173F-4536-8051-BEBEF422D463}"
EndProject
Project("{FAE04EC0-301F-11D3-BF4B-00C04F79EFBC}") = "DataAccess", "DataAccess\DataAccess.csproj", "{1D61C1F5-FACE-4FB3-B214-437C5E012536}"
EndProject
Project("{FAE04EC0-301F-11D3-BF4B-00C04F79EFBC}") = "Entities", "Entities\Entities.csproj", "{A528F683-0155-4436-AADD-B259BE74255E}"
EndProject
Project("{FAE04EC0-301F-11D3-BF4B-00C04F79EFBC}") = "Business", "Business\Business.csproj", "{3FEBE22E-78B1-46F1-B108-F233B13B1663}"
EndProject
Global
	GlobalSection(SolutionConfigurationPlatforms) = preSolution
		Debug|Any CPU = Debug|Any CPU
		Release|Any CPU = Release|Any CPU
	EndGlobalSection
	GlobalSection(ProjectConfigurationPlatforms) = postSolution
		{098CB2EC-173F-4536-8051-BEBEF422D463}.Debug|Any CPU.ActiveCfg = Debug|Any CPU
		{098CB2EC-173F-4536-8051-BEBEF422D463}.Debug|Any CPU.Build.0 = Debug|Any CPU
		{098CB2EC-173F-4536-8051-BEBEF422D463}.Release|Any CPU.ActiveCfg = Release|Any CPU
		{098CB2EC-173F-4536-8051-BEBEF422D463}.Release|Any CPU.Build.0 = Release|Any CPU
		{1D61C1F5-FACE-4FB3-B214-437C5E012536}.Debug|Any CPU.ActiveCfg = Debug|Any CPU
		{1D61C1F5-FACE-4FB3-B214-437C5E012536}.Debug|Any CPU.Build.0 = Debug|Any CPU
		{1D61C1F5-FACE-4FB3-B214-437C5E012536}.Release|Any CPU.ActiveCfg = Release|Any CPU
		{1D61C1F5-FACE-4FB3-B214-437C5E012536}.Release|Any CPU.Build.0 = Release|Any CPU
		{A528F683-0155-4436-AADD-B259BE74255E}.Debug|Any CPU.ActiveCfg = Debug|Any CPU
		{A528F683-0155-4436-AADD-B259BE74255E}.Debug|Any CPU.Build.0 = Debug|Any CPU
		{A528F683-0155-4436-AADD-B259BE74255E}.Release|Any CPU.ActiveCfg = Release|Any CPU
		{A528F683-0155-4436-AADD-B259BE74255E}.Release|Any CPU.Build.0 = Release|Any CPU
		{3FEBE22E-78B1-46F1-B108-F233B13B1663}.Debug|Any CPU.ActiveCfg = Debug|Any CPU
		{3FEBE22E-78B1-46F1-B108-F233B13B1663}.Debug|Any CPU.Build.0 = Debug|Any CPU
		{3FEBE22E-78B1-46F1-B108-F233B13B1663}.Release|Any CPU.ActiveCfg = Release|Any CPU
		{3FEBE22E-78B1-46F1-B108-F233B13B1663}.Release|Any CPU.Build.0 = Release|Any CPU
	EndGlobalSection
	GlobalSection(SolutionProperties) = preSolution
		HideSolutionNode = FALSE
	EndGlobalSection
	GlobalSection(ExtensibilityGlobals) = postSolution
		SolutionGuid = {4B194D6F-CFDB-466D-A7AA-736821F77377}
	EndGlobalSection
EndGlobal
